
Microsoft Visual Studio Solution File, Format Version 12.00
# Visual Studio Version 17
VisualStudioVersion = 17.14.37314.3
MinimumVisualStudioVersion = 10.0.40219.1
Project("{FAE04EC0-301F-11D3-BF4B-00C04F79EFBC}") = "ProgrammingInCSharp - Store", "ProgrammingInCSharp - Store\ProgrammingInCSharp - Store.csproj", "{8B89DED6-66F5-4F54-BBCF-CBD6C623E4B1}"
EndProject
Project("{2150E333-8FDC-42A3-9474-1A3956D46DE8}") = "docs", "docs", "{02EA681E-C7D8-13C7-8484-4AC65E1B71E8}"
	ProjectSection(SolutionItems) = preProject
		DomainSpecification.txt = DomainSpecification.txt
	EndProjectSection
EndProject
Project("{2150E333-8FDC-42A3-9474-1A3956D46DE8}") = "src", "src", "{297490CE-5854-474B-8EAE-7D49AD1E50CB}"
EndProject
Project("{2150E333-8FDC-42A3-9474-1A3956D46DE8}") = "BusinessLayer", "BusinessLayer", "{555EF9A8-1583-4D48-B583-B588D47C848A}"
EndProject
Project("{2150E333-8FDC-42A3-9474-1A3956D46DE8}") = "DataAccessLayer", "DataAccessLayer", "{84D230D8-49F8-47A6-BE34-1AE0EDBEFBBA}"
EndProject
Project("{2150E333-8FDC-42A3-9474-1A3956D46DE8}") = "DomainLayer", "DomainLayer", "{4D1C231B-C2D8-4107-9A9A-CC23095F92DC}"
EndProject
Project("{2150E333-8FDC-42A3-9474-1A3956D46DE8}") = "PresentationLayer", "PresentationLayer", "{2D466287-E158-48BF-94D3-FCB2126138D4}"
EndProject
Global
	GlobalSection(SolutionConfigurationPlatforms) = preSolution
		Debug|Any CPU = Debug|Any CPU
		Release|Any CPU = Release|Any CPU
	EndGlobalSection
	GlobalSection(ProjectConfigurationPlatforms) = postSolution
		{8B89DED6-66F5-4F54-BBCF-CBD6C623E4B1}.Debug|Any CPU.ActiveCfg = Debug|Any CPU
		{8B89DED6-66F5-4F54-BBCF-CBD6C623E4B1}.Debug|Any CPU.Build.0 = Debug|Any CPU
		{8B89DED6-66F5-4F54-BBCF-CBD6C623E4B1}.Release|Any CPU.ActiveCfg = Release|Any CPU
		{8B89DED6-66F5-4F54-BBCF-CBD6C623E4B1}.Release|Any CPU.Build.0 = Release|Any CPU
	EndGlobalSection
	GlobalSection(SolutionProperties) = preSolution
		HideSolutionNode = FALSE
	EndGlobalSection
	GlobalSection(NestedProjects) = preSolution
		{555EF9A8-1583-4D48-B583-B588D47C848A} = {297490CE-5854-474B-8EAE-7D49AD1E50CB}
		{84D230D8-49F8-47A6-BE34-1AE0EDBEFBBA} = {297490CE-5854-474B-8EAE-7D49AD1E50CB}
		{4D1C231B-C2D8-4107-9A9A-CC23095F92DC} = {297490CE-5854-474B-8EAE-7D49AD1E50CB}
		{2D466287-E158-48BF-94D3-FCB2126138D4} = {297490CE-5854-474B-8EAE-7D49AD1E50CB}
	EndGlobalSection
	GlobalSection(ExtensibilityGlobals) = postSolution
		SolutionGuid = {74B95C8D-013A-420D-9426-F3F8329514BA}
	EndGlobalSection
EndGlobal
