
Microsoft Visual Studio Solution File, Format Version 12.00
# Visual Studio Version 17
VisualStudioVersion = 17.14.37314.3
MinimumVisualStudioVersion = 10.0.40219.1
Project("{FAE04EC0-301F-11D3-BF4B-00C04F79EFBC}") = "ProgrammingInCSharp - Store", "ProgrammingInCSharp - Store\ProgrammingInCSharp - Store.csproj", "{8B89DED6-66F5-4F54-BBCF-CBD6C623E4B1}"
EndProject
Project("{2150E333-8FDC-42A3-9474-1A3956D46DE8}") = "docs", "docs", "{02EA681E-C7D8-13C7-8484-4AC65E1B71E8}"
	ProjectSection(SolutionItems) = preProject
		DomainSpecification.txt = DomainSpecification.txt
	EndProjectSection
EndProject
Project("{2150E333-8FDC-42A3-9474-1A3956D46DE8}") = "src", "src", "{EEFD769B-83E7-4822-BE53-986F01C7932D}"
EndProject
Project("{2150E333-8FDC-42A3-9474-1A3956D46DE8}") = "BusinessLayer", "BusinessLayer", "{CEA0AD9A-AFF8-4A48-8EB8-F10262192862}"
EndProject
Project("{2150E333-8FDC-42A3-9474-1A3956D46DE8}") = "DataAccessLayer", "DataAccessLayer", "{778513DD-BFDB-467A-9EC4-71C7DAE15246}"
EndProject
Project("{2150E333-8FDC-42A3-9474-1A3956D46DE8}") = "DomainLayer", "DomainLayer", "{B699779A-16B4-4784-BEBD-C16B76E4BC3B}"
EndProject
Project("{2150E333-8FDC-42A3-9474-1A3956D46DE8}") = "PresentationLayer", "PresentationLayer", "{E81594D2-AB7D-4375-9287-617063A7687C}"
EndProject
Project("{FAE04EC0-301F-11D3-BF4B-00C04F79EFBC}") = "ProgrammingInCSharp - Store.MyAPIApp", "ProgrammingInCSharp - Store.MyAPIApp\ProgrammingInCSharp - Store.MyAPIApp.csproj", "{FA482760-3029-4337-9BC6-04E9DD45DC15}"
EndProject
Project("{FAE04EC0-301F-11D3-BF4B-00C04F79EFBC}") = "ProgrammingInCSharp - Store.Business", "ProgrammingInCSharp - Store.Business\ProgrammingInCSharp - Store.Business.csproj", "{91AE8695-9DF6-46D9-A16E-C925D051AA50}"
EndProject
Project("{FAE04EC0-301F-11D3-BF4B-00C04F79EFBC}") = "ProgrammingInCSharp - Store.DAL", "ProgrammingInCSharp - Store.DAL\ProgrammingInCSharp - Store.DAL.csproj", "{7F582A19-4C48-455A-9B37-BA9BC461FFB0}"
EndProject
Project("{FAE04EC0-301F-11D3-BF4B-00C04F79EFBC}") = "ProgrammingInCSharp - Store.Domain", "ProgrammingInCSharp - Store.Domain\ProgrammingInCSharp - Store.Domain.csproj", "{538973A1-32DA-4754-AAD0-D7E367622101}"
EndProject
Global
	GlobalSection(SolutionConfigurationPlatforms) = preSolution
		Debug|Any CPU = Debug|Any CPU
		Release|Any CPU = Release|Any CPU
	EndGlobalSection
	GlobalSection(ProjectConfigurationPlatforms) = postSolution
		{8B89DED6-66F5-4F54-BBCF-CBD6C623E4B1}.Debug|Any CPU.ActiveCfg = Debug|Any CPU
		{8B89DED6-66F5-4F54-BBCF-CBD6C623E4B1}.Debug|Any CPU.Build.0 = Debug|Any CPU
		{8B89DED6-66F5-4F54-BBCF-CBD6C623E4B1}.Release|Any CPU.ActiveCfg = Release|Any CPU
		{8B89DED6-66F5-4F54-BBCF-CBD6C623E4B1}.Release|Any CPU.Build.0 = Release|Any CPU
		{FA482760-3029-4337-9BC6-04E9DD45DC15}.Debug|Any CPU.ActiveCfg = Debug|Any CPU
		{FA482760-3029-4337-9BC6-04E9DD45DC15}.Debug|Any CPU.Build.0 = Debug|Any CPU
		{FA482760-3029-4337-9BC6-04E9DD45DC15}.Release|Any CPU.ActiveCfg = Release|Any CPU
		{FA482760-3029-4337-9BC6-04E9DD45DC15}.Release|Any CPU.Build.0 = Release|Any CPU
		{91AE8695-9DF6-46D9-A16E-C925D051AA50}.Debug|Any CPU.ActiveCfg = Debug|Any CPU
		{91AE8695-9DF6-46D9-A16E-C925D051AA50}.Debug|Any CPU.Build.0 = Debug|Any CPU
		{91AE8695-9DF6-46D9-A16E-C925D051AA50}.Release|Any CPU.ActiveCfg = Release|Any CPU
		{91AE8695-9DF6-46D9-A16E-C925D051AA50}.Release|Any CPU.Build.0 = Release|Any CPU
		{7F582A19-4C48-455A-9B37-BA9BC461FFB0}.Debug|Any CPU.ActiveCfg = Debug|Any CPU
		{7F582A19-4C48-455A-9B37-BA9BC461FFB0}.Debug|Any CPU.Build.0 = Debug|Any CPU
		{7F582A19-4C48-455A-9B37-BA9BC461FFB0}.Release|Any CPU.ActiveCfg = Release|Any CPU
		{7F582A19-4C48-455A-9B37-BA9BC461FFB0}.Release|Any CPU.Build.0 = Release|Any CPU
		{538973A1-32DA-4754-AAD0-D7E367622101}.Debug|Any CPU.ActiveCfg = Debug|Any CPU
		{538973A1-32DA-4754-AAD0-D7E367622101}.Debug|Any CPU.Build.0 = Debug|Any CPU
		{538973A1-32DA-4754-AAD0-D7E367622101}.Release|Any CPU.ActiveCfg = Release|Any CPU
		{538973A1-32DA-4754-AAD0-D7E367622101}.Release|Any CPU.Build.0 = Release|Any CPU
	EndGlobalSection
	GlobalSection(SolutionProperties) = preSolution
		HideSolutionNode = FALSE
	EndGlobalSection
	GlobalSection(NestedProjects) = preSolution
		{8B89DED6-66F5-4F54-BBCF-CBD6C623E4B1} = {E81594D2-AB7D-4375-9287-617063A7687C}
		{CEA0AD9A-AFF8-4A48-8EB8-F10262192862} = {EEFD769B-83E7-4822-BE53-986F01C7932D}
		{778513DD-BFDB-467A-9EC4-71C7DAE15246} = {EEFD769B-83E7-4822-BE53-986F01C7932D}
		{B699779A-16B4-4784-BEBD-C16B76E4BC3B} = {EEFD769B-83E7-4822-BE53-986F01C7932D}
		{E81594D2-AB7D-4375-9287-617063A7687C} = {EEFD769B-83E7-4822-BE53-986F01C7932D}
		{FA482760-3029-4337-9BC6-04E9DD45DC15} = {E81594D2-AB7D-4375-9287-617063A7687C}
		{91AE8695-9DF6-46D9-A16E-C925D051AA50} = {CEA0AD9A-AFF8-4A48-8EB8-F10262192862}
		{7F582A19-4C48-455A-9B37-BA9BC461FFB0} = {778513DD-BFDB-467A-9EC4-71C7DAE15246}
		{538973A1-32DA-4754-AAD0-D7E367622101} = {B699779A-16B4-4784-BEBD-C16B76E4BC3B}
	EndGlobalSection
	GlobalSection(ExtensibilityGlobals) = postSolution
		SolutionGuid = {74B95C8D-013A-420D-9426-F3F8329514BA}
	EndGlobalSection
EndGlobal
